
Microsoft Visual Studio Solution File, Format Version 12.00
# Visual Studio Version 17
VisualStudioVersion = 17.2.32616.157
MinimumVisualStudioVersion = 10.0.40219.1
Project("{FAE04EC0-301F-11D3-BF4B-00C04F79EFBC}") = "WebConfession", "WebConfession\WebConfession.csproj", "{CBE10F82-EA6A-47D5-B15E-EC4853123034}"
EndProject
Global
	GlobalSection(SolutionConfigurationPlatforms) = preSolution
		Debug|Any CPU = Debug|Any CPU
		Release|Any CPU = Release|Any CPU
	EndGlobalSection
	GlobalSection(ProjectConfigurationPlatforms) = postSolution
		{CBE10F82-EA6A-47D5-B15E-EC4853123034}.Debug|Any CPU.ActiveCfg = Debug|Any CPU
		{CBE10F82-EA6A-47D5-B15E-EC4853123034}.Debug|Any CPU.Build.0 = Debug|Any CPU
		{CBE10F82-EA6A-47D5-B15E-EC4853123034}.Release|Any CPU.ActiveCfg = Release|Any CPU
		{CBE10F82-EA6A-47D5-B15E-EC4853123034}.Release|Any CPU.Build.0 = Release|Any CPU
	EndGlobalSection
	GlobalSection(SolutionProperties) = preSolution
		HideSolutionNode = FALSE
	EndGlobalSection
	GlobalSection(ExtensibilityGlobals) = postSolution
		SolutionGuid = {5803F2B6-E4CC-410B-BA4B-A37C7C988D02}
	EndGlobalSection
EndGlobal
